
Microsoft Visual Studio Solution File, Format Version 12.00
# Visual Studio Version 16
VisualStudioVersion = 16.0.30517.126
MinimumVisualStudioVersion = 10.0.40219.1
Project("{FAE04EC0-301F-11D3-BF4B-00C04F79EFBC}") = "Jira", "Jira\Jira.csproj", "{44F3F717-7E77-4D83-B451-021F4C44DDE2}"
EndProject
Global
	GlobalSection(SolutionConfigurationPlatforms) = preSolution
		Debug|Any CPU = Debug|Any CPU
		Release|Any CPU = Release|Any CPU
	EndGlobalSection
	GlobalSection(ProjectConfigurationPlatforms) = postSolution
		{44F3F717-7E77-4D83-B451-021F4C44DDE2}.Debug|Any CPU.ActiveCfg = Debug|Any CPU
		{44F3F717-7E77-4D83-B451-021F4C44DDE2}.Debug|Any CPU.Build.0 = Debug|Any CPU
		{44F3F717-7E77-4D83-B451-021F4C44DDE2}.Release|Any CPU.ActiveCfg = Release|Any CPU
		{44F3F717-7E77-4D83-B451-021F4C44DDE2}.Release|Any CPU.Build.0 = Release|Any CPU
	EndGlobalSection
	GlobalSection(SolutionProperties) = preSolution
		HideSolutionNode = FALSE
	EndGlobalSection
	GlobalSection(ExtensibilityGlobals) = postSolution
		SolutionGuid = {65AE7B9F-BF7B-4D6C-8425-4441D480743C}
	EndGlobalSection
EndGlobal
